// !$*UTF8*$!
{
	archiveVersion = 1;
	classes = {
	};
	objectVersion = 55;
	objects = {

/* Begin PBXBuildFile section */
		BA95C88627A0C17400D240C5 /* arearthobservatoryApp.swift in Sources */ = {isa = PBXBuildFile; fileRef = BA95C88527A0C17400D240C5 /* arearthobservatoryApp.swift */; };
		BA95C88A27A0C17500D240C5 /* Assets.xcassets in Resources */ = {isa = PBXBuildFile; fileRef = BA95C88927A0C17500D240C5 /* Assets.xcassets */; };
		BA95C88D27A0C17500D240C5 /* Preview Assets.xcassets in Resources */ = {isa = PBXBuildFile; fileRef = BA95C88C27A0C17500D240C5 /* Preview Assets.xcassets */; };
		BA95C89427A0C84700D240C5 /* CERES_NETFLUX_M-MOP_CO_M.mov in Resources */ = {isa = PBXBuildFile; fileRef = BA95C89327A0C84700D240C5 /* CERES_NETFLUX_M-MOP_CO_M.mov */; };
		BA95C89727A0C8A600D240C5 /* arEarthObservatory.usdz in Resources */ = {isa = PBXBuildFile; fileRef = BA95C89627A0C8A600D240C5 /* arEarthObservatory.usdz */; };
		BA95C89927A0C91200D240C5 /* AREarthVideoView.swift in Sources */ = {isa = PBXBuildFile; fileRef = BA95C89827A0C91200D240C5 /* AREarthVideoView.swift */; };
/* End PBXBuildFile section */

/* Begin PBXFileReference section */
		BA95C88227A0C17400D240C5 /* AR Eartho Oservatory.app */ = {isa = PBXFileReference; explicitFileType = wrapper.application; includeInIndex = 0; path = "AR Eartho Oservatory.app"; sourceTree = BUILT_PRODUCTS_DIR; };
		BA95C88527A0C17400D240C5 /* arearthobservatoryApp.swift */ = {isa = PBXFileReference; lastKnownFileType = sourcecode.swift; path = arearthobservatoryApp.swift; sourceTree = "<group>"; };
		BA95C88927A0C17500D240C5 /* Assets.xcassets */ = {isa = PBXFileReference; lastKnownFileType = folder.assetcatalog; path = Assets.xcassets; sourceTree = "<group>"; };
		BA95C88C27A0C17500D240C5 /* Preview Assets.xcassets */ = {isa = PBXFileReference; lastKnownFileType = folder.assetcatalog; path = "Preview Assets.xcassets"; sourceTree = "<group>"; };
		BA95C89327A0C84700D240C5 /* CERES_NETFLUX_M-MOP_CO_M.mov */ = {isa = PBXFileReference; lastKnownFileType = video.quicktime; path = "CERES_NETFLUX_M-MOP_CO_M.mov"; sourceTree = "<group>"; };
		BA95C89627A0C8A600D240C5 /* arEarthObservatory.usdz */ = {isa = PBXFileReference; lastKnownFileType = file.usdz; path = arEarthObservatory.usdz; sourceTree = "<group>"; };
		BA95C89827A0C91200D240C5 /* AREarthVideoView.swift */ = {isa = PBXFileReference; lastKnownFileType = sourcecode.swift; path = AREarthVideoView.swift; sourceTree = "<group>"; };
/* End PBXFileReference section */

/* Begin PBXFrameworksBuildPhase section */
		BA95C87F27A0C17400D240C5 /* Frameworks */ = {
			isa = PBXFrameworksBuildPhase;
			buildActionMask = 2147483647;
			files = (
			);
			runOnlyForDeploymentPostprocessing = 0;
		};
/* End PBXFrameworksBuildPhase section */

/* Begin PBXGroup section */
		BA95C87927A0C17400D240C5 = {
			isa = PBXGroup;
			children = (
				BA95C89327A0C84700D240C5 /* CERES_NETFLUX_M-MOP_CO_M.mov */,
				BA95C88427A0C17400D240C5 /* arearthobservatory */,
				BA95C88327A0C17400D240C5 /* Products */,
			);
			sourceTree = "<group>";
		};
		BA95C88327A0C17400D240C5 /* Products */ = {
			isa = PBXGroup;
			children = (
				BA95C88227A0C17400D240C5 /* AR Eartho Oservatory.app */,
			);
			name = Products;
			sourceTree = "<group>";
		};
		BA95C88427A0C17400D240C5 /* arearthobservatory */ = {
			isa = PBXGroup;
			children = (
				BA95C89527A0C89C00D240C5 /* Assets */,
				BA95C88527A0C17400D240C5 /* arearthobservatoryApp.swift */,
				BA95C89827A0C91200D240C5 /* AREarthVideoView.swift */,
				BA95C88927A0C17500D240C5 /* Assets.xcassets */,
				BA95C88B27A0C17500D240C5 /* Preview Content */,
			);
			path = arearthobservatory;
			sourceTree = "<group>";
		};
		BA95C88B27A0C17500D240C5 /* Preview Content */ = {
			isa = PBXGroup;
			children = (
				BA95C88C27A0C17500D240C5 /* Preview Assets.xcassets */,
			);
			path = "Preview Content";
			sourceTree = "<group>";
		};
		BA95C89527A0C89C00D240C5 /* Assets */ = {
			isa = PBXGroup;
			children = (
				BA95C89627A0C8A600D240C5 /* arEarthObservatory.usdz */,
			);
			path = Assets;
			sourceTree = "<group>";
		};
/* End PBXGroup section */

/* Begin PBXNativeTarget section */
		BA95C88127A0C17400D240C5 /* arearthobservatory */ = {
			isa = PBXNativeTarget;
			buildConfigurationList = BA95C89027A0C17500D240C5 /* Build configuration list for PBXNativeTarget "arearthobservatory" */;
			buildPhases = (
				BA95C87E27A0C17400D240C5 /* Sources */,
				BA95C87F27A0C17400D240C5 /* Frameworks */,
				BA95C88027A0C17400D240C5 /* Resources */,
			);
			buildRules = (
			);
			dependencies = (
			);
			name = arearthobservatory;
			productName = arearthobservatory;
			productReference = BA95C88227A0C17400D240C5 /* AR Eartho Oservatory.app */;
			productType = "com.apple.product-type.application";
		};
/* End PBXNativeTarget section */

/* Begin PBXProject section */
		BA95C87A27A0C17400D240C5 /* Project object */ = {
			isa = PBXProject;
			attributes = {
				BuildIndependentTargetsInParallel = 1;
				LastSwiftUpdateCheck = 1320;
				LastUpgradeCheck = 1320;
				TargetAttributes = {
					BA95C88127A0C17400D240C5 = {
						CreatedOnToolsVersion = 13.2.1;
					};
				};
			};
			buildConfigurationList = BA95C87D27A0C17400D240C5 /* Build configuration list for PBXProject "arearthobservatory" */;
			compatibilityVersion = "Xcode 13.0";
			developmentRegion = en;
			hasScannedForEncodings = 0;
			knownRegions = (
				en,
				Base,
			);
			mainGroup = BA95C87927A0C17400D240C5;
			productRefGroup = BA95C88327A0C17400D240C5 /* Products */;
			projectDirPath = "";
			projectRoot = "";
			targets = (
				BA95C88127A0C17400D240C5 /* arearthobservatory */,
			);
		};
/* End PBXProject section */

/* Begin PBXResourcesBuildPhase section */
		BA95C88027A0C17400D240C5 /* Resources */ = {
			isa = PBXResourcesBuildPhase;
			buildActionMask = 2147483647;
			files = (
				BA95C89427A0C84700D240C5 /* CERES_NETFLUX_M-MOP_CO_M.mov in Resources */,
				BA95C88D27A0C17500D240C5 /* Preview Assets.xcassets in Resources */,
				BA95C89727A0C8A600D240C5 /* arEarthObservatory.usdz in Resources */,
				BA95C88A27A0C17500D240C5 /* Assets.xcassets in Resources */,
			);
			runOnlyForDeploymentPostprocessing = 0;
		};
/* End PBXResourcesBuildPhase section */

/* Begin PBXSourcesBuildPhase section */
		BA95C87E27A0C17400D240C5 /* Sources */ = {
			isa = PBXSourcesBuildPhase;
			buildActionMask = 2147483647;
			files = (
				BA95C89927A0C91200D240C5 /* AREarthVideoView.swift in Sources */,
				BA95C88627A0C17400D240C5 /* arearthobservatoryApp.swift in Sources */,
			);
			runOnlyForDeploymentPostprocessing = 0;
		};
/* End PBXSourcesBuildPhase section */

/* Begin XCBuildConfiguration section */
		BA95C88E27A0C17500D240C5 /* Debug */ = {
			isa = XCBuildConfiguration;
			buildSettings = {
				ALWAYS_SEARCH_USER_PATHS = NO;
				CLANG_ANALYZER_NONNULL = YES;
				CLANG_ANALYZER_NUMBER_OBJECT_CONVERSION = YES_AGGRESSIVE;
				CLANG_CXX_LANGUAGE_STANDARD = "gnu++17";
				CLANG_CXX_LIBRARY = "libc++";
				CLANG_ENABLE_MODULES = YES;
				CLANG_ENABLE_OBJC_ARC = YES;
				CLANG_ENABLE_OBJC_WEAK = YES;
				CLANG_WARN_BLOCK_CAPTURE_AUTORELEASING = YES;
				CLANG_WARN_BOOL_CONVERSION = YES;
				CLANG_WARN_COMMA = YES;
				CLANG_WARN_CONSTANT_CONVERSION = YES;
				CLANG_WARN_DEPRECATED_OBJC_IMPLEMENTATIONS = YES;
				CLANG_WARN_DIRECT_OBJC_ISA_USAGE = YES_ERROR;
				CLANG_WARN_DOCUMENTATION_COMMENTS = YES;
				CLANG_WARN_EMPTY_BODY = YES;
				CLANG_WARN_ENUM_CONVERSION = YES;
				CLANG_WARN_INFINITE_RECURSION = YES;
				CLANG_WARN_INT_CONVERSION = YES;
				CLANG_WARN_NON_LITERAL_NULL_CONVERSION = YES;
				CLANG_WARN_OBJC_IMPLICIT_RETAIN_SELF = YES;
				CLANG_WARN_OBJC_LITERAL_CONVERSION = YES;
				CLANG_WARN_OBJC_ROOT_CLASS = YES_ERROR;
				CLANG_WARN_QUOTED_INCLUDE_IN_FRAMEWORK_HEADER = YES;
				CLANG_WARN_RANGE_LOOP_ANALYSIS = YES;
				CLANG_WARN_STRICT_PROTOTYPES = YES;
				CLANG_WARN_SUSPICIOUS_MOVE = YES;
				CLANG_WARN_UNGUARDED_AVAILABILITY = YES_AGGRESSIVE;
				CLANG_WARN_UNREACHABLE_CODE = YES;
				CLANG_WARN__DUPLICATE_METHOD_MATCH = YES;
				COPY_PHASE_STRIP = NO;
				DEBUG_INFORMATION_FORMAT = dwarf;
				ENABLE_STRICT_OBJC_MSGSEND = YES;
				ENABLE_TESTABILITY = YES;
				GCC_C_LANGUAGE_STANDARD = gnu11;
				GCC_DYNAMIC_NO_PIC = NO;
				GCC_NO_COMMON_BLOCKS = YES;
				GCC_OPTIMIZATION_LEVEL = 0;
				GCC_PREPROCESSOR_DEFINITIONS = (
					"DEBUG=1",
					"$(inherited)",
				);
				GCC_WARN_64_TO_32_BIT_CONVERSION = YES;
				GCC_WARN_ABOUT_RETURN_TYPE = YES_ERROR;
				GCC_WARN_UNDECLARED_SELECTOR = YES;
				GCC_WARN_UNINITIALIZED_AUTOS = YES_AGGRESSIVE;
				GCC_WARN_UNUSED_FUNCTION = YES;
				GCC_WARN_UNUSED_VARIABLE = YES;
				IPHONEOS_DEPLOYMENT_TARGET = 14.0;
				MTL_ENABLE_DEBUG_INFO = INCLUDE_SOURCE;
				MTL_FAST_MATH = YES;
				ONLY_ACTIVE_ARCH = YES;
				SDKROOT = iphoneos;
				SWIFT_ACTIVE_COMPILATION_CONDITIONS = DEBUG;
				SWIFT_OPTIMIZATION_LEVEL = "-Onone";
			};
			name = Debug;
		};
		BA95C88F27A0C17500D240C5 /* Release */ = {
			isa = XCBuildConfiguration;
			buildSettings = {
				ALWAYS_SEARCH_USER_PATHS = NO;
				CLANG_ANALYZER_NONNULL = YES;
				CLANG_ANALYZER_NUMBER_OBJECT_CONVERSION = YES_AGGRESSIVE;
				CLANG_CXX_LANGUAGE_STANDARD = "gnu++17";
				CLANG_CXX_LIBRARY = "libc++";
				CLANG_ENABLE_MODULES = YES;
				CLANG_ENABLE_OBJC_ARC = YES;
				CLANG_ENABLE_OBJC_WEAK = YES;
				CLANG_WARN_BLOCK_CAPTURE_AUTORELEASING = YES;
				CLANG_WARN_BOOL_CONVERSION = YES;
				CLANG_WARN_COMMA = YES;
				CLANG_WARN_CONSTANT_CONVERSION = YES;
				CLANG_WARN_DEPRECATED_OBJC_IMPLEMENTATIONS = YES;
				CLANG_WARN_DIRECT_OBJC_ISA_USAGE = YES_ERROR;
				CLANG_WARN_DOCUMENTATION_COMMENTS = YES;
				CLANG_WARN_EMPTY_BODY = YES;
				CLANG_WARN_ENUM_CONVERSION = YES;
				CLANG_WARN_INFINITE_RECURSION = YES;
				CLANG_WARN_INT_CONVERSION = YES;
				CLANG_WARN_NON_LITERAL_NULL_CONVERSION = YES;
				CLANG_WARN_OBJC_IMPLICIT_RETAIN_SELF = YES;
				CLANG_WARN_OBJC_LITERAL_CONVERSION = YES;
				CLANG_WARN_OBJC_ROOT_CLASS = YES_ERROR;
				CLANG_WARN_QUOTED_INCLUDE_IN_FRAMEWORK_HEADER = YES;
				CLANG_WARN_RANGE_LOOP_ANALYSIS = YES;
				CLANG_WARN_STRICT_PROTOTYPES = YES;
				CLANG_WARN_SUSPICIOUS_MOVE = YES;
				CLANG_WARN_UNGUARDED_AVAILABILITY = YES_AGGRESSIVE;
				CLANG_WARN_UNREACHABLE_CODE = YES;
				CLANG_WARN__DUPLICATE_METHOD_MATCH = YES;
				COPY_PHASE_STRIP = NO;
				DEBUG_INFORMATION_FORMAT = "dwarf-with-dsym";
				ENABLE_NS_ASSERTIONS = NO;
				ENABLE_STRICT_OBJC_MSGSEND = YES;
				GCC_C_LANGUAGE_STANDARD = gnu11;
				GCC_NO_COMMON_BLOCKS = YES;
				GCC_WARN_64_TO_32_BIT_CONVERSION = YES;
				GCC_WARN_ABOUT_RETURN_TYPE = YES_ERROR;
				GCC_WARN_UNDECLARED_SELECTOR = YES;
				GCC_WARN_UNINITIALIZED_AUTOS = YES_AGGRESSIVE;
				GCC_WARN_UNUSED_FUNCTION = YES;
				GCC_WARN_UNUSED_VARIABLE = YES;
				IPHONEOS_DEPLOYMENT_TARGET = 14.0;
				MTL_ENABLE_DEBUG_INFO = NO;
				MTL_FAST_MATH = YES;
				SDKROOT = iphoneos;
				SWIFT_COMPILATION_MODE = wholemodule;
				SWIFT_OPTIMIZATION_LEVEL = "-O";
				VALIDATE_PRODUCT = YES;
			};
			name = Release;
		};
		BA95C89127A0C17500D240C5 /* Debug */ = {
			isa = XCBuildConfiguration;
			buildSettings = {
				ASSETCATALOG_COMPILER_APPICON_NAME = AppIcon;
				ASSETCATALOG_COMPILER_GLOBAL_ACCENT_COLOR_NAME = AccentColor;
				CODE_SIGN_STYLE = Automatic;
				CURRENT_PROJECT_VERSION = 1;
				DEVELOPMENT_ASSET_PATHS = "\"arearthobservatory/Preview Content\"";
				DEVELOPMENT_TEAM = J5CY9Q9UP5;
				ENABLE_PREVIEWS = YES;
				GENERATE_INFOPLIST_FILE = YES;
				INFOPLIST_KEY_NSCameraUsageDescription = "AR requires a camera.";
				INFOPLIST_KEY_UIApplicationSceneManifest_Generation = YES;
				INFOPLIST_KEY_UIApplicationSupportsIndirectInputEvents = YES;
				INFOPLIST_KEY_UILaunchScreen_Generation = YES;
				INFOPLIST_KEY_UISupportedInterfaceOrientations_iPad = "UIInterfaceOrientationPortrait UIInterfaceOrientationPortraitUpsideDown UIInterfaceOrientationLandscapeLeft UIInterfaceOrientationLandscapeRight";
				INFOPLIST_KEY_UISupportedInterfaceOrientations_iPhone = "UIInterfaceOrientationPortrait UIInterfaceOrientationLandscapeLeft UIInterfaceOrientationLandscapeRight";
				LD_RUNPATH_SEARCH_PATHS = (
					"$(inherited)",
					"@executable_path/Frameworks",
				);
				MARKETING_VERSION = 1.0;
				PRODUCT_BUNDLE_IDENTIFIER = com.atarayosd.arearthobservatory;
				PRODUCT_NAME = "AR Eartho Oservatory";
				SWIFT_EMIT_LOC_STRINGS = YES;
				SWIFT_VERSION = 5.0;
				TARGETED_DEVICE_FAMILY = "1,2";
			};
			name = Debug;
		};
		BA95C89227A0C17500D240C5 /* Release */ = {
			isa = XCBuildConfiguration;
			buildSettings = {
				ASSETCATALOG_COMPILER_APPICON_NAME = AppIcon;
				ASSETCATALOG_COMPILER_GLOBAL_ACCENT_COLOR_NAME = AccentColor;
				CODE_SIGN_STYLE = Automatic;
				CURRENT_PROJECT_VERSION = 1;
				DEVELOPMENT_ASSET_PATHS = "\"arearthobservatory/Preview Content\"";
				DEVELOPMENT_TEAM = J5CY9Q9UP5;
				ENABLE_PREVIEWS = YES;
				GENERATE_INFOPLIST_FILE = YES;
				INFOPLIST_KEY_NSCameraUsageDescription = "AR requires a camera.";
				INFOPLIST_KEY_UIApplicationSceneManifest_Generation = YES;
				INFOPLIST_KEY_UIApplicationSupportsIndirectInputEvents = YES;
				INFOPLIST_KEY_UILaunchScreen_Generation = YES;
				INFOPLIST_KEY_UISupportedInterfaceOrientations_iPad = "UIInterfaceOrientationPortrait UIInterfaceOrientationPortraitUpsideDown UIInterfaceOrientationLandscapeLeft UIInterfaceOrientationLandscapeRight";
				INFOPLIST_KEY_UISupportedInterfaceOrientations_iPhone = "UIInterfaceOrientationPortrait UIInterfaceOrientationLandscapeLeft UIInterfaceOrientationLandscapeRight";
				LD_RUNPATH_SEARCH_PATHS = (
					"$(inherited)",
					"@executable_path/Frameworks",
				);
				MARKETING_VERSION = 1.0;
				PRODUCT_BUNDLE_IDENTIFIER = com.atarayosd.arearthobservatory;
				PRODUCT_NAME = "AR Eartho Oservatory";
				SWIFT_EMIT_LOC_STRINGS = YES;
				SWIFT_VERSION = 5.0;
				TARGETED_DEVICE_FAMILY = "1,2";
			};
			name = Release;
		};
/* End XCBuildConfiguration section */

/* Begin XCConfigurationList section */
		BA95C87D27A0C17400D240C5 /* Build configuration list for PBXProject "arearthobservatory" */ = {
			isa = XCConfigurationList;
			buildConfigurations = (
				BA95C88E27A0C17500D240C5 /* Debug */,
				BA95C88F27A0C17500D240C5 /* Release */,
			);
			defaultConfigurationIsVisible = 0;
			defaultConfigurationName = Release;
		};
		BA95C89027A0C17500D240C5 /* Build configuration list for PBXNativeTarget "arearthobservatory" */ = {
			isa = XCConfigurationList;
			buildConfigurations = (
				BA95C89127A0C17500D240C5 /* Debug */,
				BA95C89227A0C17500D240C5 /* Release */,
			);
			defaultConfigurationIsVisible = 0;
			defaultConfigurationName = Release;
		};
/* End XCConfigurationList section */
	};
	rootObject = BA95C87A27A0C17400D240C5 /* Project object */;
}
